
Microsoft Visual Studio Solution File, Format Version 12.00
# Visual Studio Version 17
VisualStudioVersion = 17.5.33530.505
MinimumVisualStudioVersion = 10.0.40219.1
Project("{FAE04EC0-301F-11D3-BF4B-00C04F79EFBC}") = "Conditional", "Conditional\Conditional.csproj", "{906A60AA-D8EC-4748-AF51-B5EFC40F3B4E}"
EndProject
Global
	GlobalSection(SolutionConfigurationPlatforms) = preSolution
		Debug|Any CPU = Debug|Any CPU
		Release|Any CPU = Release|Any CPU
	EndGlobalSection
	GlobalSection(ProjectConfigurationPlatforms) = postSolution
		{906A60AA-D8EC-4748-AF51-B5EFC40F3B4E}.Debug|Any CPU.ActiveCfg = Debug|Any CPU
		{906A60AA-D8EC-4748-AF51-B5EFC40F3B4E}.Debug|Any CPU.Build.0 = Debug|Any CPU
		{906A60AA-D8EC-4748-AF51-B5EFC40F3B4E}.Release|Any CPU.ActiveCfg = Release|Any CPU
		{906A60AA-D8EC-4748-AF51-B5EFC40F3B4E}.Release|Any CPU.Build.0 = Release|Any CPU
	EndGlobalSection
	GlobalSection(SolutionProperties) = preSolution
		HideSolutionNode = FALSE
	EndGlobalSection
	GlobalSection(ExtensibilityGlobals) = postSolution
		SolutionGuid = {E9B408F7-4ED9-4D54-A6F4-FCB5F8D5261A}
	EndGlobalSection
EndGlobal
