
Microsoft Visual Studio Solution File, Format Version 12.00
# Visual Studio Version 17
VisualStudioVersion = 17.5.33530.505
MinimumVisualStudioVersion = 10.0.40219.1
Project("{FAE04EC0-301F-11D3-BF4B-00C04F79EFBC}") = "Tipos", "Tipos\Tipos.csproj", "{236C307F-7B08-48F1-86D1-D6933AF3E23D}"
EndProject
Global
	GlobalSection(SolutionConfigurationPlatforms) = preSolution
		Debug|Any CPU = Debug|Any CPU
		Release|Any CPU = Release|Any CPU
	EndGlobalSection
	GlobalSection(ProjectConfigurationPlatforms) = postSolution
		{236C307F-7B08-48F1-86D1-D6933AF3E23D}.Debug|Any CPU.ActiveCfg = Debug|Any CPU
		{236C307F-7B08-48F1-86D1-D6933AF3E23D}.Debug|Any CPU.Build.0 = Debug|Any CPU
		{236C307F-7B08-48F1-86D1-D6933AF3E23D}.Release|Any CPU.ActiveCfg = Release|Any CPU
		{236C307F-7B08-48F1-86D1-D6933AF3E23D}.Release|Any CPU.Build.0 = Release|Any CPU
	EndGlobalSection
	GlobalSection(SolutionProperties) = preSolution
		HideSolutionNode = FALSE
	EndGlobalSection
	GlobalSection(ExtensibilityGlobals) = postSolution
		SolutionGuid = {D7EF2894-1F26-4729-9719-5482688BC9D9}
	EndGlobalSection
EndGlobal
