
Microsoft Visual Studio Solution File, Format Version 12.00
# Visual Studio Version 17
VisualStudioVersion = 17.5.33530.505
MinimumVisualStudioVersion = 10.0.40219.1
Project("{FAE04EC0-301F-11D3-BF4B-00C04F79EFBC}") = "TypeBasic", "TypeBasic\TypeBasic.csproj", "{EC6088CB-27A2-47D9-9487-C51B3FA40DB6}"
EndProject
Global
	GlobalSection(SolutionConfigurationPlatforms) = preSolution
		Debug|Any CPU = Debug|Any CPU
		Release|Any CPU = Release|Any CPU
	EndGlobalSection
	GlobalSection(ProjectConfigurationPlatforms) = postSolution
		{EC6088CB-27A2-47D9-9487-C51B3FA40DB6}.Debug|Any CPU.ActiveCfg = Debug|Any CPU
		{EC6088CB-27A2-47D9-9487-C51B3FA40DB6}.Debug|Any CPU.Build.0 = Debug|Any CPU
		{EC6088CB-27A2-47D9-9487-C51B3FA40DB6}.Release|Any CPU.ActiveCfg = Release|Any CPU
		{EC6088CB-27A2-47D9-9487-C51B3FA40DB6}.Release|Any CPU.Build.0 = Release|Any CPU
	EndGlobalSection
	GlobalSection(SolutionProperties) = preSolution
		HideSolutionNode = FALSE
	EndGlobalSection
	GlobalSection(ExtensibilityGlobals) = postSolution
		SolutionGuid = {FD4874B5-A12C-446B-9C92-84C771DA5F53}
	EndGlobalSection
EndGlobal
