
Microsoft Visual Studio Solution File, Format Version 12.00
# Visual Studio Version 17
VisualStudioVersion = 17.5.33530.505
MinimumVisualStudioVersion = 10.0.40219.1
Project("{FAE04EC0-301F-11D3-BF4B-00C04F79EFBC}") = "Classe_1", "Classe_1\Classe_1.csproj", "{4313D9E4-52E2-4B20-B514-95C0428D8FFC}"
EndProject
Global
	GlobalSection(SolutionConfigurationPlatforms) = preSolution
		Debug|Any CPU = Debug|Any CPU
		Release|Any CPU = Release|Any CPU
	EndGlobalSection
	GlobalSection(ProjectConfigurationPlatforms) = postSolution
		{4313D9E4-52E2-4B20-B514-95C0428D8FFC}.Debug|Any CPU.ActiveCfg = Debug|Any CPU
		{4313D9E4-52E2-4B20-B514-95C0428D8FFC}.Debug|Any CPU.Build.0 = Debug|Any CPU
		{4313D9E4-52E2-4B20-B514-95C0428D8FFC}.Release|Any CPU.ActiveCfg = Release|Any CPU
		{4313D9E4-52E2-4B20-B514-95C0428D8FFC}.Release|Any CPU.Build.0 = Release|Any CPU
	EndGlobalSection
	GlobalSection(SolutionProperties) = preSolution
		HideSolutionNode = FALSE
	EndGlobalSection
	GlobalSection(ExtensibilityGlobals) = postSolution
		SolutionGuid = {130ABB25-B3CC-42C2-9B85-618495F1AFD8}
	EndGlobalSection
EndGlobal
