
Microsoft Visual Studio Solution File, Format Version 12.00
# Visual Studio Version 17
VisualStudioVersion = 17.5.33530.505
MinimumVisualStudioVersion = 10.0.40219.1
Project("{FAE04EC0-301F-11D3-BF4B-00C04F79EFBC}") = "REF", "REF\REF.csproj", "{3370D597-D62D-41CA-8E8A-CA4BB548556D}"
EndProject
Global
	GlobalSection(SolutionConfigurationPlatforms) = preSolution
		Debug|Any CPU = Debug|Any CPU
		Release|Any CPU = Release|Any CPU
	EndGlobalSection
	GlobalSection(ProjectConfigurationPlatforms) = postSolution
		{3370D597-D62D-41CA-8E8A-CA4BB548556D}.Debug|Any CPU.ActiveCfg = Debug|Any CPU
		{3370D597-D62D-41CA-8E8A-CA4BB548556D}.Debug|Any CPU.Build.0 = Debug|Any CPU
		{3370D597-D62D-41CA-8E8A-CA4BB548556D}.Release|Any CPU.ActiveCfg = Release|Any CPU
		{3370D597-D62D-41CA-8E8A-CA4BB548556D}.Release|Any CPU.Build.0 = Release|Any CPU
	EndGlobalSection
	GlobalSection(SolutionProperties) = preSolution
		HideSolutionNode = FALSE
	EndGlobalSection
	GlobalSection(ExtensibilityGlobals) = postSolution
		SolutionGuid = {2202247E-64B3-43BC-AA60-A40E6CED8DF2}
	EndGlobalSection
EndGlobal
