
Microsoft Visual Studio Solution File, Format Version 12.00
# Visual Studio Version 17
VisualStudioVersion = 17.5.33530.505
MinimumVisualStudioVersion = 10.0.40219.1
Project("{FAE04EC0-301F-11D3-BF4B-00C04F79EFBC}") = "Matriz", "Matriz\Matriz.csproj", "{16F850B5-C0B6-49EF-A3DD-B439AB006D95}"
EndProject
Global
	GlobalSection(SolutionConfigurationPlatforms) = preSolution
		Debug|Any CPU = Debug|Any CPU
		Release|Any CPU = Release|Any CPU
	EndGlobalSection
	GlobalSection(ProjectConfigurationPlatforms) = postSolution
		{16F850B5-C0B6-49EF-A3DD-B439AB006D95}.Debug|Any CPU.ActiveCfg = Debug|Any CPU
		{16F850B5-C0B6-49EF-A3DD-B439AB006D95}.Debug|Any CPU.Build.0 = Debug|Any CPU
		{16F850B5-C0B6-49EF-A3DD-B439AB006D95}.Release|Any CPU.ActiveCfg = Release|Any CPU
		{16F850B5-C0B6-49EF-A3DD-B439AB006D95}.Release|Any CPU.Build.0 = Release|Any CPU
	EndGlobalSection
	GlobalSection(SolutionProperties) = preSolution
		HideSolutionNode = FALSE
	EndGlobalSection
	GlobalSection(ExtensibilityGlobals) = postSolution
		SolutionGuid = {D9F03363-3B94-4585-9A1C-72376722AD33}
	EndGlobalSection
EndGlobal
