
Microsoft Visual Studio Solution File, Format Version 12.00
# Visual Studio Version 17
VisualStudioVersion = 17.5.33530.505
MinimumVisualStudioVersion = 10.0.40219.1
Project("{FAE04EC0-301F-11D3-BF4B-00C04F79EFBC}") = "DataOutPut", "DataOutPut\DataOutPut.csproj", "{903BF9FC-5E4D-4C00-95A0-259EA36C692C}"
EndProject
Global
	GlobalSection(SolutionConfigurationPlatforms) = preSolution
		Debug|Any CPU = Debug|Any CPU
		Release|Any CPU = Release|Any CPU
	EndGlobalSection
	GlobalSection(ProjectConfigurationPlatforms) = postSolution
		{903BF9FC-5E4D-4C00-95A0-259EA36C692C}.Debug|Any CPU.ActiveCfg = Debug|Any CPU
		{903BF9FC-5E4D-4C00-95A0-259EA36C692C}.Debug|Any CPU.Build.0 = Debug|Any CPU
		{903BF9FC-5E4D-4C00-95A0-259EA36C692C}.Release|Any CPU.ActiveCfg = Release|Any CPU
		{903BF9FC-5E4D-4C00-95A0-259EA36C692C}.Release|Any CPU.Build.0 = Release|Any CPU
	EndGlobalSection
	GlobalSection(SolutionProperties) = preSolution
		HideSolutionNode = FALSE
	EndGlobalSection
	GlobalSection(ExtensibilityGlobals) = postSolution
		SolutionGuid = {502D61B2-9343-4CA2-B827-B377C4413B7B}
	EndGlobalSection
EndGlobal
