
Microsoft Visual Studio Solution File, Format Version 12.00
# Visual Studio Version 17
VisualStudioVersion = 17.5.33530.505
MinimumVisualStudioVersion = 10.0.40219.1
Project("{FAE04EC0-301F-11D3-BF4B-00C04F79EFBC}") = "Vector", "Vector\Vector.csproj", "{2FE17D9A-0054-4C25-BFA9-1CB1C577C3E9}"
EndProject
Global
	GlobalSection(SolutionConfigurationPlatforms) = preSolution
		Debug|Any CPU = Debug|Any CPU
		Release|Any CPU = Release|Any CPU
	EndGlobalSection
	GlobalSection(ProjectConfigurationPlatforms) = postSolution
		{2FE17D9A-0054-4C25-BFA9-1CB1C577C3E9}.Debug|Any CPU.ActiveCfg = Debug|Any CPU
		{2FE17D9A-0054-4C25-BFA9-1CB1C577C3E9}.Debug|Any CPU.Build.0 = Debug|Any CPU
		{2FE17D9A-0054-4C25-BFA9-1CB1C577C3E9}.Release|Any CPU.ActiveCfg = Release|Any CPU
		{2FE17D9A-0054-4C25-BFA9-1CB1C577C3E9}.Release|Any CPU.Build.0 = Release|Any CPU
	EndGlobalSection
	GlobalSection(SolutionProperties) = preSolution
		HideSolutionNode = FALSE
	EndGlobalSection
	GlobalSection(ExtensibilityGlobals) = postSolution
		SolutionGuid = {492328E8-A2D8-42F7-9FB7-D8D5747EC3B9}
	EndGlobalSection
EndGlobal
