
Microsoft Visual Studio Solution File, Format Version 12.00
# Visual Studio Version 17
VisualStudioVersion = 17.5.33530.505
MinimumVisualStudioVersion = 10.0.40219.1
Project("{FAE04EC0-301F-11D3-BF4B-00C04F79EFBC}") = "Encapsulamento", "Encapsulamento\Encapsulamento.csproj", "{27FE1F6B-B519-45A9-869E-AB3C7AC9EEC5}"
EndProject
Global
	GlobalSection(SolutionConfigurationPlatforms) = preSolution
		Debug|Any CPU = Debug|Any CPU
		Release|Any CPU = Release|Any CPU
	EndGlobalSection
	GlobalSection(ProjectConfigurationPlatforms) = postSolution
		{27FE1F6B-B519-45A9-869E-AB3C7AC9EEC5}.Debug|Any CPU.ActiveCfg = Debug|Any CPU
		{27FE1F6B-B519-45A9-869E-AB3C7AC9EEC5}.Debug|Any CPU.Build.0 = Debug|Any CPU
		{27FE1F6B-B519-45A9-869E-AB3C7AC9EEC5}.Release|Any CPU.ActiveCfg = Release|Any CPU
		{27FE1F6B-B519-45A9-869E-AB3C7AC9EEC5}.Release|Any CPU.Build.0 = Release|Any CPU
	EndGlobalSection
	GlobalSection(SolutionProperties) = preSolution
		HideSolutionNode = FALSE
	EndGlobalSection
	GlobalSection(ExtensibilityGlobals) = postSolution
		SolutionGuid = {60C01528-4100-4235-9B8A-7951455EF6CD}
	EndGlobalSection
EndGlobal
